
Microsoft Visual Studio Solution File, Format Version 12.00
# Visual Studio Version 17
VisualStudioVersion = 17.11.35222.181
MinimumVisualStudioVersion = 10.0.40219.1
Project("{FAE04EC0-301F-11D3-BF4B-00C04F79EFBC}") = "WebScrap", "WebScrap\WebScrap.csproj", "{FAAAF2F3-43F6-41D2-A224-11CBEB0538ED}"
EndProject
Global
	GlobalSection(SolutionConfigurationPlatforms) = preSolution
		Debug|Any CPU = Debug|Any CPU
		Release|Any CPU = Release|Any CPU
	EndGlobalSection
	GlobalSection(ProjectConfigurationPlatforms) = postSolution
		{FAAAF2F3-43F6-41D2-A224-11CBEB0538ED}.Debug|Any CPU.ActiveCfg = Debug|Any CPU
		{FAAAF2F3-43F6-41D2-A224-11CBEB0538ED}.Debug|Any CPU.Build.0 = Debug|Any CPU
		{FAAAF2F3-43F6-41D2-A224-11CBEB0538ED}.Release|Any CPU.ActiveCfg = Release|Any CPU
		{FAAAF2F3-43F6-41D2-A224-11CBEB0538ED}.Release|Any CPU.Build.0 = Release|Any CPU
	EndGlobalSection
	GlobalSection(SolutionProperties) = preSolution
		HideSolutionNode = FALSE
	EndGlobalSection
	GlobalSection(ExtensibilityGlobals) = postSolution
		SolutionGuid = {0EF9B6F3-1817-4CD4-AD1E-0DDB3F00A1A9}
	EndGlobalSection
EndGlobal
